lockfileVersion: '6.0'

settings:
  autoInstallPeers: true
  excludeLinksFromLockfile: false

dependencies:
  map-obj:
    specifier: ^5.0.2
    version: 5.0.2

packages:

  /map-obj@5.0.2:
    resolution: {integrity: sha512-K6K2NgKnTXimT3779/4KxSvobxOtMmx1LBZ3NwRxT/MDIR3Br/fQ4Q+WCX5QxjyUR8zg5+RV9Tbf2c5pAWTD2A==}
    engines: {node: ^12.20.0 || ^14.13.1 || >=16.0.0}
    dev: false
